
Microsoft Visual Studio Solution File, Format Version 12.00
# Visual Studio 15
VisualStudioVersion = 15.0.28010.2016
MinimumVisualStudioVersion = 10.0.40219.1
Project("{FAE04EC0-301F-11D3-BF4B-00C04F79EFBC}") = "ObligatoriskOpgave1", "ObligatoriskOpgave1\ObligatoriskOpgave1.csproj", "{9F65E91F-EAAF-4B44-AC26-785DC96D028B}"
EndProject
Project("{FAE04EC0-301F-11D3-BF4B-00C04F79EFBC}") = "UnitTest", "UnitTest\UnitTest.csproj", "{96354F9C-CAF4-421D-ABF7-C6CD3B5E5B5E}"
EndProject
Global
	GlobalSection(SolutionConfigurationPlatforms) = preSolution
		Debug|Any CPU = Debug|Any CPU
		Release|Any CPU = Release|Any CPU
	EndGlobalSection
	GlobalSection(ProjectConfigurationPlatforms) = postSolution
		{9F65E91F-EAAF-4B44-AC26-785DC96D028B}.Debug|Any CPU.ActiveCfg = Debug|Any CPU
		{9F65E91F-EAAF-4B44-AC26-785DC96D028B}.Debug|Any CPU.Build.0 = Debug|Any CPU
		{9F65E91F-EAAF-4B44-AC26-785DC96D028B}.Release|Any CPU.ActiveCfg = Release|Any CPU
		{9F65E91F-EAAF-4B44-AC26-785DC96D028B}.Release|Any CPU.Build.0 = Release|Any CPU
		{96354F9C-CAF4-421D-ABF7-C6CD3B5E5B5E}.Debug|Any CPU.ActiveCfg = Debug|Any CPU
		{96354F9C-CAF4-421D-ABF7-C6CD3B5E5B5E}.Debug|Any CPU.Build.0 = Debug|Any CPU
		{96354F9C-CAF4-421D-ABF7-C6CD3B5E5B5E}.Release|Any CPU.ActiveCfg = Release|Any CPU
		{96354F9C-CAF4-421D-ABF7-C6CD3B5E5B5E}.Release|Any CPU.Build.0 = Release|Any CPU
	EndGlobalSection
	GlobalSection(SolutionProperties) = preSolution
		HideSolutionNode = FALSE
	EndGlobalSection
	GlobalSection(ExtensibilityGlobals) = postSolution
		SolutionGuid = {EB07AD93-FB11-43F5-BF7E-F2E23CBBE981}
	EndGlobalSection
EndGlobal
